
Microsoft Visual Studio Solution File, Format Version 12.00
# Visual Studio Version 17
VisualStudioVersion = 17.11.35222.181
MinimumVisualStudioVersion = 10.0.40219.1
Project("{FAE04EC0-301F-11D3-BF4B-00C04F79EFBC}") = "Email", "Email\Email.csproj", "{4ED8230A-2517-46F3-8E54-ED8FEF4439F2}"
EndProject
Global
	GlobalSection(SolutionConfigurationPlatforms) = preSolution
		Debug|Any CPU = Debug|Any CPU
		Release|Any CPU = Release|Any CPU
	EndGlobalSection
	GlobalSection(ProjectConfigurationPlatforms) = postSolution
		{4ED8230A-2517-46F3-8E54-ED8FEF4439F2}.Debug|Any CPU.ActiveCfg = Debug|Any CPU
		{4ED8230A-2517-46F3-8E54-ED8FEF4439F2}.Debug|Any CPU.Build.0 = Debug|Any CPU
		{4ED8230A-2517-46F3-8E54-ED8FEF4439F2}.Release|Any CPU.ActiveCfg = Release|Any CPU
		{4ED8230A-2517-46F3-8E54-ED8FEF4439F2}.Release|Any CPU.Build.0 = Release|Any CPU
	EndGlobalSection
	GlobalSection(SolutionProperties) = preSolution
		HideSolutionNode = FALSE
	EndGlobalSection
	GlobalSection(ExtensibilityGlobals) = postSolution
		SolutionGuid = {AAC056EE-7575-4E4F-BC3D-D8C23F006CD1}
	EndGlobalSection
EndGlobal
